// !$*UTF8*$!
{
	archiveVersion = 1;
	classes = {
	};
	objectVersion = 50;
	objects = {

/* Begin PBXBuildFile section */
		6FD76078215A3FB800B67378 /* AppDelegate.swift in Sources */ = {isa = PBXBuildFile; fileRef = 6FD76077215A3FB800B67378 /* AppDelegate.swift */; };
		6FD7607A215A3FB800B67378 /* ViewController.swift in Sources */ = {isa = PBXBuildFile; fileRef = 6FD76079215A3FB800B67378 /* ViewController.swift */; };
		6FD7607D215A3FB800B67378 /* Main.storyboard in Resources */ = {isa = PBXBuildFile; fileRef = 6FD7607B215A3FB800B67378 /* Main.storyboard */; };
		6FD7607F215A3FC700B67378 /* Assets.xcassets in Resources */ = {isa = PBXBuildFile; fileRef = 6FD7607E215A3FC700B67378 /* Assets.xcassets */; };
		6FD76082215A3FC700B67378 /* LaunchScreen.storyboard in Resources */ = {isa = PBXBuildFile; fileRef = 6FD76080215A3FC700B67378 /* LaunchScreen.storyboard */; };
		6FD7608A215A415B00B67378 /* TextViewTableViewCell.swift in Sources */ = {isa = PBXBuildFile; fileRef = 6FD76089215A415B00B67378 /* TextViewTableViewCell.swift */; };
		6FD7608C215A435300B67378 /* TextViewAutoHeight.swift in Sources */ = {isa = PBXBuildFile; fileRef = 6FD7608B215A435300B67378 /* TextViewAutoHeight.swift */; };
/* End PBXBuildFile section */

/* Begin PBXFileReference section */
		6FD76074215A3FB800B67378 /* DynamicTableTextView.app */ = {isa = PBXFileReference; explicitFileType = wrapper.application; includeInIndex = 0; path = DynamicTableTextView.app; sourceTree = BUILT_PRODUCTS_DIR; };
		6FD76077215A3FB800B67378 /* AppDelegate.swift */ = {isa = PBXFileReference; lastKnownFileType = sourcecode.swift; path = AppDelegate.swift; sourceTree = "<group>"; };
		6FD76079215A3FB800B67378 /* ViewController.swift */ = {isa = PBXFileReference; lastKnownFileType = sourcecode.swift; path = ViewController.swift; sourceTree = "<group>"; };
		6FD7607C215A3FB800B67378 /* Base */ = {isa = PBXFileReference; lastKnownFileType = file.storyboard; name = Base; path = Base.lproj/Main.storyboard; sourceTree = "<group>"; };
		6FD7607E215A3FC700B67378 /* Assets.xcassets */ = {isa = PBXFileReference; lastKnownFileType = folder.assetcatalog; path = Assets.xcassets; sourceTree = "<group>"; };
		6FD76081215A3FC700B67378 /* Base */ = {isa = PBXFileReference; lastKnownFileType = file.storyboard; name = Base; path = Base.lproj/LaunchScreen.storyboard; sourceTree = "<group>"; };
		6FD76083215A3FC700B67378 /* Info.plist */ = {isa = PBXFileReference; lastKnownFileType = text.plist.xml; path = Info.plist; sourceTree = "<group>"; };
		6FD76089215A415B00B67378 /* TextViewTableViewCell.swift */ = {isa = PBXFileReference; lastKnownFileType = sourcecode.swift; path = TextViewTableViewCell.swift; sourceTree = "<group>"; };
		6FD7608B215A435300B67378 /* TextViewAutoHeight.swift */ = {isa = PBXFileReference; lastKnownFileType = sourcecode.swift; path = TextViewAutoHeight.swift; sourceTree = "<group>"; };
/* End PBXFileReference section */

/* Begin PBXFrameworksBuildPhase section */
		6FD76071215A3FB800B67378 /* Frameworks */ = {
			isa = PBXFrameworksBuildPhase;
			buildActionMask = 2147483647;
			files = (
			);
			runOnlyForDeploymentPostprocessing = 0;
		};
/* End PBXFrameworksBuildPhase section */

/* Begin PBXGroup section */
		6FD7606B215A3FB800B67378 = {
			isa = PBXGroup;
			children = (
				6FD76076215A3FB800B67378 /* DynamicTableTextView */,
				6FD76075215A3FB800B67378 /* Products */,
			);
			sourceTree = "<group>";
		};
		6FD76075215A3FB800B67378 /* Products */ = {
			isa = PBXGroup;
			children = (
				6FD76074215A3FB800B67378 /* DynamicTableTextView.app */,
			);
			name = Products;
			sourceTree = "<group>";
		};
		6FD76076215A3FB800B67378 /* DynamicTableTextView */ = {
			isa = PBXGroup;
			children = (
				6FD76077215A3FB800B67378 /* AppDelegate.swift */,
				6FD7608B215A435300B67378 /* TextViewAutoHeight.swift */,
				6FD76089215A415B00B67378 /* TextViewTableViewCell.swift */,
				6FD76079215A3FB800B67378 /* ViewController.swift */,
				6FD7607B215A3FB800B67378 /* Main.storyboard */,
				6FD7607E215A3FC700B67378 /* Assets.xcassets */,
				6FD76080215A3FC700B67378 /* LaunchScreen.storyboard */,
				6FD76083215A3FC700B67378 /* Info.plist */,
			);
			path = DynamicTableTextView;
			sourceTree = "<group>";
		};
/* End PBXGroup section */

/* Begin PBXNativeTarget section */
		6FD76073215A3FB800B67378 /* DynamicTableTextView */ = {
			isa = PBXNativeTarget;
			buildConfigurationList = 6FD76086215A3FC700B67378 /* Build configuration list for PBXNativeTarget "DynamicTableTextView" */;
			buildPhases = (
				6FD76070215A3FB800B67378 /* Sources */,
				6FD76071215A3FB800B67378 /* Frameworks */,
				6FD76072215A3FB800B67378 /* Resources */,
			);
			buildRules = (
			);
			dependencies = (
			);
			name = DynamicTableTextView;
			productName = DynamicTableTextView;
			productReference = 6FD76074215A3FB800B67378 /* DynamicTableTextView.app */;
			productType = "com.apple.product-type.application";
		};
/* End PBXNativeTarget section */

/* Begin PBXProject section */
		6FD7606C215A3FB800B67378 /* Project object */ = {
			isa = PBXProject;
			attributes = {
				LastSwiftUpdateCheck = 1000;
				LastUpgradeCheck = 1000;
				ORGANIZATIONNAME = TechTonic;
				TargetAttributes = {
					6FD76073215A3FB800B67378 = {
						CreatedOnToolsVersion = 10.0;
					};
				};
			};
			buildConfigurationList = 6FD7606F215A3FB800B67378 /* Build configuration list for PBXProject "DynamicTableTextView" */;
			compatibilityVersion = "Xcode 9.3";
			developmentRegion = en;
			hasScannedForEncodings = 0;
			knownRegions = (
				en,
				Base,
			);
			mainGroup = 6FD7606B215A3FB800B67378;
			productRefGroup = 6FD76075215A3FB800B67378 /* Products */;
			projectDirPath = "";
			projectRoot = "";
			targets = (
				6FD76073215A3FB800B67378 /* DynamicTableTextView */,
			);
		};
/* End PBXProject section */

/* Begin PBXResourcesBuildPhase section */
		6FD76072215A3FB800B67378 /* Resources */ = {
			isa = PBXResourcesBuildPhase;
			buildActionMask = 2147483647;
			files = (
				6FD76082215A3FC700B67378 /* LaunchScreen.storyboard in Resources */,
				6FD7607F215A3FC700B67378 /* Assets.xcassets in Resources */,
				6FD7607D215A3FB800B67378 /* Main.storyboard in Resources */,
			);
			runOnlyForDeploymentPostprocessing = 0;
		};
/* End PBXResourcesBuildPhase section */

/* Begin PBXSourcesBuildPhase section */
		6FD76070215A3FB800B67378 /* Sources */ = {
			isa = PBXSourcesBuildPhase;
			buildActionMask = 2147483647;
			files = (
				6FD7607A215A3FB800B67378 /* ViewController.swift in Sources */,
				6FD7608C215A435300B67378 /* TextViewAutoHeight.swift in Sources */,
				6FD76078215A3FB800B67378 /* AppDelegate.swift in Sources */,
				6FD7608A215A415B00B67378 /* TextViewTableViewCell.swift in Sources */,
			);
			runOnlyForDeploymentPostprocessing = 0;
		};
/* End PBXSourcesBuildPhase section */

/* Begin PBXVariantGroup section */
		6FD7607B215A3FB800B67378 /* Main.storyboard */ = {
			isa = PBXVariantGroup;
			children = (
				6FD7607C215A3FB800B67378 /* Base */,
			);
			name = Main.storyboard;
			sourceTree = "<group>";
		};
		6FD76080215A3FC700B67378 /* LaunchScreen.storyboard */ = {
			isa = PBXVariantGroup;
			children = (
				6FD76081215A3FC700B67378 /* Base */,
			);
			name = LaunchScreen.storyboard;
			sourceTree = "<group>";
		};
/* End PBXVariantGroup section */

/* Begin XCBuildConfiguration section */
		6FD76084215A3FC700B67378 /* Debug */ = {
			isa = XCBuildConfiguration;
			buildSettings = {
				ALWAYS_SEARCH_USER_PATHS = NO;
				CLANG_ANALYZER_NONNULL = YES;
				CLANG_ANALYZER_NUMBER_OBJECT_CONVERSION = YES_AGGRESSIVE;
				CLANG_CXX_LANGUAGE_STANDARD = "gnu++14";
				CLANG_CXX_LIBRARY = "libc++";
				CLANG_ENABLE_MODULES = YES;
				CLANG_ENABLE_OBJC_ARC = YES;
				CLANG_ENABLE_OBJC_WEAK = YES;
				CLANG_WARN_BLOCK_CAPTURE_AUTORELEASING = YES;
				CLANG_WARN_BOOL_CONVERSION = YES;
				CLANG_WARN_COMMA = YES;
				CLANG_WARN_CONSTANT_CONVERSION = YES;
				CLANG_WARN_DEPRECATED_OBJC_IMPLEMENTATIONS = YES;
				CLANG_WARN_DIRECT_OBJC_ISA_USAGE = YES_ERROR;
				CLANG_WARN_DOCUMENTATION_COMMENTS = YES;
				CLANG_WARN_EMPTY_BODY = YES;
				CLANG_WARN_ENUM_CONVERSION = YES;
				CLANG_WARN_INFINITE_RECURSION = YES;
				CLANG_WARN_INT_CONVERSION = YES;
				CLANG_WARN_NON_LITERAL_NULL_CONVERSION = YES;
				CLANG_WARN_OBJC_IMPLICIT_RETAIN_SELF = YES;
				CLANG_WARN_OBJC_LITERAL_CONVERSION = YES;
				CLANG_WARN_OBJC_ROOT_CLASS = YES_ERROR;
				CLANG_WARN_RANGE_LOOP_ANALYSIS = YES;
				CLANG_WARN_STRICT_PROTOTYPES = YES;
				CLANG_WARN_SUSPICIOUS_MOVE = YES;
				CLANG_WARN_UNGUARDED_AVAILABILITY = YES_AGGRESSIVE;
				CLANG_WARN_UNREACHABLE_CODE = YES;
				CLANG_WARN__DUPLICATE_METHOD_MATCH = YES;
				CODE_SIGN_IDENTITY = "iPhone Developer";
				COPY_PHASE_STRIP = NO;
				DEBUG_INFORMATION_FORMAT = dwarf;
				ENABLE_STRICT_OBJC_MSGSEND = YES;
				ENABLE_TESTABILITY = YES;
				GCC_C_LANGUAGE_STANDARD = gnu11;
				GCC_DYNAMIC_NO_PIC = NO;
				GCC_NO_COMMON_BLOCKS = YES;
				GCC_OPTIMIZATION_LEVEL = 0;
				GCC_PREPROCESSOR_DEFINITIONS = (
					"DEBUG=1",
					"$(inherited)",
				);
				GCC_WARN_64_TO_32_BIT_CONVERSION = YES;
				GCC_WARN_ABOUT_RETURN_TYPE = YES_ERROR;
				GCC_WARN_UNDECLARED_SELECTOR = YES;
				GCC_WARN_UNINITIALIZED_AUTOS = YES_AGGRESSIVE;
				GCC_WARN_UNUSED_FUNCTION = YES;
				GCC_WARN_UNUSED_VARIABLE = YES;
				IPHONEOS_DEPLOYMENT_TARGET = 12.0;
				MTL_ENABLE_DEBUG_INFO = INCLUDE_SOURCE;
				MTL_FAST_MATH = YES;
				ONLY_ACTIVE_ARCH = YES;
				SDKROOT = iphoneos;
				SWIFT_ACTIVE_COMPILATION_CONDITIONS = DEBUG;
				SWIFT_OPTIMIZATION_LEVEL = "-Onone";
			};
			name = Debug;
		};
		6FD76085215A3FC700B67378 /* Release */ = {
			isa = XCBuildConfiguration;
			buildSettings = {
				ALWAYS_SEARCH_USER_PATHS = NO;
				CLANG_ANALYZER_NONNULL = YES;
				CLANG_ANALYZER_NUMBER_OBJECT_CONVERSION = YES_AGGRESSIVE;
				CLANG_CXX_LANGUAGE_STANDARD = "gnu++14";
				CLANG_CXX_LIBRARY = "libc++";
				CLANG_ENABLE_MODULES = YES;
				CLANG_ENABLE_OBJC_ARC = YES;
				CLANG_ENABLE_OBJC_WEAK = YES;
				CLANG_WARN_BLOCK_CAPTURE_AUTORELEASING = YES;
				CLANG_WARN_BOOL_CONVERSION = YES;
				CLANG_WARN_COMMA = YES;
				CLANG_WARN_CONSTANT_CONVERSION = YES;
				CLANG_WARN_DEPRECATED_OBJC_IMPLEMENTATIONS = YES;
				CLANG_WARN_DIRECT_OBJC_ISA_USAGE = YES_ERROR;
				CLANG_WARN_DOCUMENTATION_COMMENTS = YES;
				CLANG_WARN_EMPTY_BODY = YES;
				CLANG_WARN_ENUM_CONVERSION = YES;
				CLANG_WARN_INFINITE_RECURSION = YES;
				CLANG_WARN_INT_CONVERSION = YES;
				CLANG_WARN_NON_LITERAL_NULL_CONVERSION = YES;
				CLANG_WARN_OBJC_IMPLICIT_RETAIN_SELF = YES;
				CLANG_WARN_OBJC_LITERAL_CONVERSION = YES;
				CLANG_WARN_OBJC_ROOT_CLASS = YES_ERROR;
				CLANG_WARN_RANGE_LOOP_ANALYSIS = YES;
				CLANG_WARN_STRICT_PROTOTYPES = YES;
				CLANG_WARN_SUSPICIOUS_MOVE = YES;
				CLANG_WARN_UNGUARDED_AVAILABILITY = YES_AGGRESSIVE;
				CLANG_WARN_UNREACHABLE_CODE = YES;
				CLANG_WARN__DUPLICATE_METHOD_MATCH = YES;
				CODE_SIGN_IDENTITY = "iPhone Developer";
				COPY_PHASE_STRIP = NO;
				DEBUG_INFORMATION_FORMAT = "dwarf-with-dsym";
				ENABLE_NS_ASSERTIONS = NO;
				ENABLE_STRICT_OBJC_MSGSEND = YES;
				GCC_C_LANGUAGE_STANDARD = gnu11;
				GCC_NO_COMMON_BLOCKS = YES;
				GCC_WARN_64_TO_32_BIT_CONVERSION = YES;
				GCC_WARN_ABOUT_RETURN_TYPE = YES_ERROR;
				GCC_WARN_UNDECLARED_SELECTOR = YES;
				GCC_WARN_UNINITIALIZED_AUTOS = YES_AGGRESSIVE;
				GCC_WARN_UNUSED_FUNCTION = YES;
				GCC_WARN_UNUSED_VARIABLE = YES;
				IPHONEOS_DEPLOYMENT_TARGET = 12.0;
				MTL_ENABLE_DEBUG_INFO = NO;
				MTL_FAST_MATH = YES;
				SDKROOT = iphoneos;
				SWIFT_COMPILATION_MODE = wholemodule;
				SWIFT_OPTIMIZATION_LEVEL = "-O";
				VALIDATE_PRODUCT = YES;
			};
			name = Release;
		};
		6FD76087215A3FC700B67378 /* Debug */ = {
			isa = XCBuildConfiguration;
			buildSettings = {
				ASSETCATALOG_COMPILER_APPICON_NAME = AppIcon;
				CODE_SIGN_STYLE = Automatic;
				DEVELOPMENT_TEAM = RDRMVW96A6;
				INFOPLIST_FILE = DynamicTableTextView/Info.plist;
				LD_RUNPATH_SEARCH_PATHS = (
					"$(inherited)",
					"@executable_path/Frameworks",
				);
				PRODUCT_BUNDLE_IDENTIFIER = com.TechTonic.DynamicTableTextView;
				PRODUCT_NAME = "$(TARGET_NAME)";
				SWIFT_VERSION = 4.2;
				TARGETED_DEVICE_FAMILY = "1,2";
			};
			name = Debug;
		};
		6FD76088215A3FC700B67378 /* Release */ = {
			isa = XCBuildConfiguration;
			buildSettings = {
				ASSETCATALOG_COMPILER_APPICON_NAME = AppIcon;
				CODE_SIGN_STYLE = Automatic;
				DEVELOPMENT_TEAM = RDRMVW96A6;
				INFOPLIST_FILE = DynamicTableTextView/Info.plist;
				LD_RUNPATH_SEARCH_PATHS = (
					"$(inherited)",
					"@executable_path/Frameworks",
				);
				PRODUCT_BUNDLE_IDENTIFIER = com.TechTonic.DynamicTableTextView;
				PRODUCT_NAME = "$(TARGET_NAME)";
				SWIFT_VERSION = 4.2;
				TARGETED_DEVICE_FAMILY = "1,2";
			};
			name = Release;
		};
/* End XCBuildConfiguration section */

/* Begin XCConfigurationList section */
		6FD7606F215A3FB800B67378 /* Build configuration list for PBXProject "DynamicTableTextView" */ = {
			isa = XCConfigurationList;
			buildConfigurations = (
				6FD76084215A3FC700B67378 /* Debug */,
				6FD76085215A3FC700B67378 /* Release */,
			);
			defaultConfigurationIsVisible = 0;
			defaultConfigurationName = Release;
		};
		6FD76086215A3FC700B67378 /* Build configuration list for PBXNativeTarget "DynamicTableTextView" */ = {
			isa = XCConfigurationList;
			buildConfigurations = (
				6FD76087215A3FC700B67378 /* Debug */,
				6FD76088215A3FC700B67378 /* Release */,
			);
			defaultConfigurationIsVisible = 0;
			defaultConfigurationName = Release;
		};
/* End XCConfigurationList section */
	};
	rootObject = 6FD7606C215A3FB800B67378 /* Project object */;
}
